// !$*UTF8*$!
{
	archiveVersion = 1;
	classes = {
	};
	objectVersion = 56;
	objects = {

/* Begin PBXBuildFile section */
		327646502CFDDEA900A3BE14 /* BluetoothManager.swift in Sources */ = {isa = PBXBuildFile; fileRef = 3276464F2CFDDEA900A3BE14 /* BluetoothManager.swift */; };
		328171532D003A1F000D8938 /* USBAccessoryChecker.swift in Sources */ = {isa = PBXBuildFile; fileRef = 328171522D003A1F000D8938 /* USBAccessoryChecker.swift */; };
		3281715A2D019001000D8938 /* CarConnectionView.swift in Sources */ = {isa = PBXBuildFile; fileRef = 328171592D019001000D8938 /* CarConnectionView.swift */; };
		3281715C2D01AF40000D8938 /* PairedDevicesManager.swift in Sources */ = {isa = PBXBuildFile; fileRef = 3281715B2D01AF40000D8938 /* PairedDevicesManager.swift */; };
		3281715E2D01AF7A000D8938 /* DeviceDetailView.swift in Sources */ = {isa = PBXBuildFile; fileRef = 3281715D2D01AF7A000D8938 /* DeviceDetailView.swift */; };
		328171602D01AFDA000D8938 /* PairedDevicesView.swift in Sources */ = {isa = PBXBuildFile; fileRef = 3281715F2D01AFDA000D8938 /* PairedDevicesView.swift */; };
		3285B4E22CF5B2300050723C /* DriveModePOCApp.swift in Sources */ = {isa = PBXBuildFile; fileRef = 3285B4E12CF5B2300050723C /* DriveModePOCApp.swift */; };
		3285B4E42CF5B2300050723C /* ContentView.swift in Sources */ = {isa = PBXBuildFile; fileRef = 3285B4E32CF5B2300050723C /* ContentView.swift */; };
		3285B4E62CF5B2310050723C /* Assets.xcassets in Resources */ = {isa = PBXBuildFile; fileRef = 3285B4E52CF5B2310050723C /* Assets.xcassets */; };
		3285B4E92CF5B2310050723C /* Preview Assets.xcassets in Resources */ = {isa = PBXBuildFile; fileRef = 3285B4E82CF5B2310050723C /* Preview Assets.xcassets */; };
		3285B4F02CF5B3B80050723C /* DrivingDetector.swift in Sources */ = {isa = PBXBuildFile; fileRef = 3285B4EF2CF5B3B80050723C /* DrivingDetector.swift */; };
		3285B4F22CF5B3D00050723C /* DriveModeView.swift in Sources */ = {isa = PBXBuildFile; fileRef = 3285B4F12CF5B3D00050723C /* DriveModeView.swift */; };
/* End PBXBuildFile section */

/* Begin PBXFileReference section */
		3276464F2CFDDEA900A3BE14 /* BluetoothManager.swift */ = {isa = PBXFileReference; lastKnownFileType = sourcecode.swift; path = BluetoothManager.swift; sourceTree = "<group>"; };
		328171522D003A1F000D8938 /* USBAccessoryChecker.swift */ = {isa = PBXFileReference; lastKnownFileType = sourcecode.swift; path = USBAccessoryChecker.swift; sourceTree = "<group>"; };
		328171542D003A69000D8938 /* Info.plist */ = {isa = PBXFileReference; lastKnownFileType = text.plist; path = Info.plist; sourceTree = "<group>"; };
		328171592D019001000D8938 /* CarConnectionView.swift */ = {isa = PBXFileReference; lastKnownFileType = sourcecode.swift; path = CarConnectionView.swift; sourceTree = "<group>"; };
		3281715B2D01AF40000D8938 /* PairedDevicesManager.swift */ = {isa = PBXFileReference; lastKnownFileType = sourcecode.swift; path = PairedDevicesManager.swift; sourceTree = "<group>"; };
		3281715D2D01AF7A000D8938 /* DeviceDetailView.swift */ = {isa = PBXFileReference; lastKnownFileType = sourcecode.swift; path = DeviceDetailView.swift; sourceTree = "<group>"; };
		3281715F2D01AFDA000D8938 /* PairedDevicesView.swift */ = {isa = PBXFileReference; lastKnownFileType = sourcecode.swift; path = PairedDevicesView.swift; sourceTree = "<group>"; };
		3285B4DE2CF5B2300050723C /* DriveModePOC.app */ = {isa = PBXFileReference; explicitFileType = wrapper.application; includeInIndex = 0; path = DriveModePOC.app; sourceTree = BUILT_PRODUCTS_DIR; };
		3285B4E12CF5B2300050723C /* DriveModePOCApp.swift */ = {isa = PBXFileReference; lastKnownFileType = sourcecode.swift; path = DriveModePOCApp.swift; sourceTree = "<group>"; };
		3285B4E32CF5B2300050723C /* ContentView.swift */ = {isa = PBXFileReference; lastKnownFileType = sourcecode.swift; path = ContentView.swift; sourceTree = "<group>"; };
		3285B4E52CF5B2310050723C /* Assets.xcassets */ = {isa = PBXFileReference; lastKnownFileType = folder.assetcatalog; path = Assets.xcassets; sourceTree = "<group>"; };
		3285B4E82CF5B2310050723C /* Preview Assets.xcassets */ = {isa = PBXFileReference; lastKnownFileType = folder.assetcatalog; path = "Preview Assets.xcassets"; sourceTree = "<group>"; };
		3285B4EF2CF5B3B80050723C /* DrivingDetector.swift */ = {isa = PBXFileReference; lastKnownFileType = sourcecode.swift; path = DrivingDetector.swift; sourceTree = "<group>"; };
		3285B4F12CF5B3D00050723C /* DriveModeView.swift */ = {isa = PBXFileReference; lastKnownFileType = sourcecode.swift; path = DriveModeView.swift; sourceTree = "<group>"; };
/* End PBXFileReference section */

/* Begin PBXFrameworksBuildPhase section */
		3285B4DB2CF5B2300050723C /* Frameworks */ = {
			isa = PBXFrameworksBuildPhase;
			buildActionMask = 2147483647;
			files = (
			);
			runOnlyForDeploymentPostprocessing = 0;
		};
/* End PBXFrameworksBuildPhase section */

/* Begin PBXGroup section */
		3285B4D52CF5B2300050723C = {
			isa = PBXGroup;
			children = (
				3285B4E02CF5B2300050723C /* DriveModePOC */,
				3285B4DF2CF5B2300050723C /* Products */,
			);
			sourceTree = "<group>";
		};
		3285B4DF2CF5B2300050723C /* Products */ = {
			isa = PBXGroup;
			children = (
				3285B4DE2CF5B2300050723C /* DriveModePOC.app */,
			);
			name = Products;
			sourceTree = "<group>";
		};
		3285B4E02CF5B2300050723C /* DriveModePOC */ = {
			isa = PBXGroup;
			children = (
				328171542D003A69000D8938 /* Info.plist */,
				3285B4E12CF5B2300050723C /* DriveModePOCApp.swift */,
				3285B4E32CF5B2300050723C /* ContentView.swift */,
				3285B4E52CF5B2310050723C /* Assets.xcassets */,
				3285B4E72CF5B2310050723C /* Preview Content */,
				3285B4EF2CF5B3B80050723C /* DrivingDetector.swift */,
				3285B4F12CF5B3D00050723C /* DriveModeView.swift */,
				3276464F2CFDDEA900A3BE14 /* BluetoothManager.swift */,
				328171522D003A1F000D8938 /* USBAccessoryChecker.swift */,
				328171592D019001000D8938 /* CarConnectionView.swift */,
				3281715B2D01AF40000D8938 /* PairedDevicesManager.swift */,
				3281715D2D01AF7A000D8938 /* DeviceDetailView.swift */,
				3281715F2D01AFDA000D8938 /* PairedDevicesView.swift */,
			);
			path = DriveModePOC;
			sourceTree = "<group>";
		};
		3285B4E72CF5B2310050723C /* Preview Content */ = {
			isa = PBXGroup;
			children = (
				3285B4E82CF5B2310050723C /* Preview Assets.xcassets */,
			);
			path = "Preview Content";
			sourceTree = "<group>";
		};
/* End PBXGroup section */

/* Begin PBXNativeTarget section */
		3285B4DD2CF5B2300050723C /* DriveModePOC */ = {
			isa = PBXNativeTarget;
			buildConfigurationList = 3285B4EC2CF5B2310050723C /* Build configuration list for PBXNativeTarget "DriveModePOC" */;
			buildPhases = (
				3285B4DA2CF5B2300050723C /* Sources */,
				3285B4DB2CF5B2300050723C /* Frameworks */,
				3285B4DC2CF5B2300050723C /* Resources */,
			);
			buildRules = (
			);
			dependencies = (
			);
			name = DriveModePOC;
			productName = DriveModePOC;
			productReference = 3285B4DE2CF5B2300050723C /* DriveModePOC.app */;
			productType = "com.apple.product-type.application";
		};
/* End PBXNativeTarget section */

/* Begin PBXProject section */
		3285B4D62CF5B2300050723C /* Project object */ = {
			isa = PBXProject;
			attributes = {
				BuildIndependentTargetsInParallel = 1;
				LastSwiftUpdateCheck = 1540;
				LastUpgradeCheck = 1540;
				TargetAttributes = {
					3285B4DD2CF5B2300050723C = {
						CreatedOnToolsVersion = 15.4;
						LastSwiftMigration = 1540;
					};
				};
			};
			buildConfigurationList = 3285B4D92CF5B2300050723C /* Build configuration list for PBXProject "DriveModePOC" */;
			compatibilityVersion = "Xcode 14.0";
			developmentRegion = en;
			hasScannedForEncodings = 0;
			knownRegions = (
				en,
				Base,
			);
			mainGroup = 3285B4D52CF5B2300050723C;
			productRefGroup = 3285B4DF2CF5B2300050723C /* Products */;
			projectDirPath = "";
			projectRoot = "";
			targets = (
				3285B4DD2CF5B2300050723C /* DriveModePOC */,
			);
		};
/* End PBXProject section */

/* Begin PBXResourcesBuildPhase section */
		3285B4DC2CF5B2300050723C /* Resources */ = {
			isa = PBXResourcesBuildPhase;
			buildActionMask = 2147483647;
			files = (
				3285B4E92CF5B2310050723C /* Preview Assets.xcassets in Resources */,
				3285B4E62CF5B2310050723C /* Assets.xcassets in Resources */,
			);
			runOnlyForDeploymentPostprocessing = 0;
		};
/* End PBXResourcesBuildPhase section */

/* Begin PBXSourcesBuildPhase section */
		3285B4DA2CF5B2300050723C /* Sources */ = {
			isa = PBXSourcesBuildPhase;
			buildActionMask = 2147483647;
			files = (
				3281715E2D01AF7A000D8938 /* DeviceDetailView.swift in Sources */,
				3281715C2D01AF40000D8938 /* PairedDevicesManager.swift in Sources */,
				3281715A2D019001000D8938 /* CarConnectionView.swift in Sources */,
				3285B4F22CF5B3D00050723C /* DriveModeView.swift in Sources */,
				328171532D003A1F000D8938 /* USBAccessoryChecker.swift in Sources */,
				3285B4E42CF5B2300050723C /* ContentView.swift in Sources */,
				3285B4E22CF5B2300050723C /* DriveModePOCApp.swift in Sources */,
				328171602D01AFDA000D8938 /* PairedDevicesView.swift in Sources */,
				3285B4F02CF5B3B80050723C /* DrivingDetector.swift in Sources */,
				327646502CFDDEA900A3BE14 /* BluetoothManager.swift in Sources */,
			);
			runOnlyForDeploymentPostprocessing = 0;
		};
/* End PBXSourcesBuildPhase section */

/* Begin XCBuildConfiguration section */
		3285B4EA2CF5B2310050723C /* Debug */ = {
			isa = XCBuildConfiguration;
			buildSettings = {
				ALWAYS_SEARCH_USER_PATHS = NO;
				ASSETCATALOG_COMPILER_GENERATE_SWIFT_ASSET_SYMBOL_EXTENSIONS = YES;
				CLANG_ANALYZER_NONNULL = YES;
				CLANG_ANALYZER_NUMBER_OBJECT_CONVERSION = YES_AGGRESSIVE;
				CLANG_CXX_LANGUAGE_STANDARD = "gnu++20";
				CLANG_ENABLE_MODULES = YES;
				CLANG_ENABLE_OBJC_ARC = YES;
				CLANG_ENABLE_OBJC_WEAK = YES;
				CLANG_WARN_BLOCK_CAPTURE_AUTORELEASING = YES;
				CLANG_WARN_BOOL_CONVERSION = YES;
				CLANG_WARN_COMMA = YES;
				CLANG_WARN_CONSTANT_CONVERSION = YES;
				CLANG_WARN_DEPRECATED_OBJC_IMPLEMENTATIONS = YES;
				CLANG_WARN_DIRECT_OBJC_ISA_USAGE = YES_ERROR;
				CLANG_WARN_DOCUMENTATION_COMMENTS = YES;
				CLANG_WARN_EMPTY_BODY = YES;
				CLANG_WARN_ENUM_CONVERSION = YES;
				CLANG_WARN_INFINITE_RECURSION = YES;
				CLANG_WARN_INT_CONVERSION = YES;
				CLANG_WARN_NON_LITERAL_NULL_CONVERSION = YES;
				CLANG_WARN_OBJC_IMPLICIT_RETAIN_SELF = YES;
				CLANG_WARN_OBJC_LITERAL_CONVERSION = YES;
				CLANG_WARN_OBJC_ROOT_CLASS = YES_ERROR;
				CLANG_WARN_QUOTED_INCLUDE_IN_FRAMEWORK_HEADER = YES;
				CLANG_WARN_RANGE_LOOP_ANALYSIS = YES;
				CLANG_WARN_STRICT_PROTOTYPES = YES;
				CLANG_WARN_SUSPICIOUS_MOVE = YES;
				CLANG_WARN_UNGUARDED_AVAILABILITY = YES_AGGRESSIVE;
				CLANG_WARN_UNREACHABLE_CODE = YES;
				CLANG_WARN__DUPLICATE_METHOD_MATCH = YES;
				COPY_PHASE_STRIP = NO;
				DEBUG_INFORMATION_FORMAT = dwarf;
				ENABLE_STRICT_OBJC_MSGSEND = YES;
				ENABLE_TESTABILITY = YES;
				ENABLE_USER_SCRIPT_SANDBOXING = YES;
				GCC_C_LANGUAGE_STANDARD = gnu17;
				GCC_DYNAMIC_NO_PIC = NO;
				GCC_NO_COMMON_BLOCKS = YES;
				GCC_OPTIMIZATION_LEVEL = 0;
				GCC_PREPROCESSOR_DEFINITIONS = (
					"DEBUG=1",
					"$(inherited)",
				);
				GCC_WARN_64_TO_32_BIT_CONVERSION = YES;
				GCC_WARN_ABOUT_RETURN_TYPE = YES_ERROR;
				GCC_WARN_UNDECLARED_SELECTOR = YES;
				GCC_WARN_UNINITIALIZED_AUTOS = YES_AGGRESSIVE;
				GCC_WARN_UNUSED_FUNCTION = YES;
				GCC_WARN_UNUSED_VARIABLE = YES;
				IPHONEOS_DEPLOYMENT_TARGET = 17.5;
				LOCALIZATION_PREFERS_STRING_CATALOGS = YES;
				MTL_ENABLE_DEBUG_INFO = INCLUDE_SOURCE;
				MTL_FAST_MATH = YES;
				ONLY_ACTIVE_ARCH = YES;
				SDKROOT = iphoneos;
				SWIFT_ACTIVE_COMPILATION_CONDITIONS = "DEBUG $(inherited)";
				SWIFT_OPTIMIZATION_LEVEL = "-Onone";
			};
			name = Debug;
		};
		3285B4EB2CF5B2310050723C /* Release */ = {
			isa = XCBuildConfiguration;
			buildSettings = {
				ALWAYS_SEARCH_USER_PATHS = NO;
				ASSETCATALOG_COMPILER_GENERATE_SWIFT_ASSET_SYMBOL_EXTENSIONS = YES;
				CLANG_ANALYZER_NONNULL = YES;
				CLANG_ANALYZER_NUMBER_OBJECT_CONVERSION = YES_AGGRESSIVE;
				CLANG_CXX_LANGUAGE_STANDARD = "gnu++20";
				CLANG_ENABLE_MODULES = YES;
				CLANG_ENABLE_OBJC_ARC = YES;
				CLANG_ENABLE_OBJC_WEAK = YES;
				CLANG_WARN_BLOCK_CAPTURE_AUTORELEASING = YES;
				CLANG_WARN_BOOL_CONVERSION = YES;
				CLANG_WARN_COMMA = YES;
				CLANG_WARN_CONSTANT_CONVERSION = YES;
				CLANG_WARN_DEPRECATED_OBJC_IMPLEMENTATIONS = YES;
				CLANG_WARN_DIRECT_OBJC_ISA_USAGE = YES_ERROR;
				CLANG_WARN_DOCUMENTATION_COMMENTS = YES;
				CLANG_WARN_EMPTY_BODY = YES;
				CLANG_WARN_ENUM_CONVERSION = YES;
				CLANG_WARN_INFINITE_RECURSION = YES;
				CLANG_WARN_INT_CONVERSION = YES;
				CLANG_WARN_NON_LITERAL_NULL_CONVERSION = YES;
				CLANG_WARN_OBJC_IMPLICIT_RETAIN_SELF = YES;
				CLANG_WARN_OBJC_LITERAL_CONVERSION = YES;
				CLANG_WARN_OBJC_ROOT_CLASS = YES_ERROR;
				CLANG_WARN_QUOTED_INCLUDE_IN_FRAMEWORK_HEADER = YES;
				CLANG_WARN_RANGE_LOOP_ANALYSIS = YES;
				CLANG_WARN_STRICT_PROTOTYPES = YES;
				CLANG_WARN_SUSPICIOUS_MOVE = YES;
				CLANG_WARN_UNGUARDED_AVAILABILITY = YES_AGGRESSIVE;
				CLANG_WARN_UNREACHABLE_CODE = YES;
				CLANG_WARN__DUPLICATE_METHOD_MATCH = YES;
				COPY_PHASE_STRIP = NO;
				DEBUG_INFORMATION_FORMAT = "dwarf-with-dsym";
				ENABLE_NS_ASSERTIONS = NO;
				ENABLE_STRICT_OBJC_MSGSEND = YES;
				ENABLE_USER_SCRIPT_SANDBOXING = YES;
				GCC_C_LANGUAGE_STANDARD = gnu17;
				GCC_NO_COMMON_BLOCKS = YES;
				GCC_WARN_64_TO_32_BIT_CONVERSION = YES;
				GCC_WARN_ABOUT_RETURN_TYPE = YES_ERROR;
				GCC_WARN_UNDECLARED_SELECTOR = YES;
				GCC_WARN_UNINITIALIZED_AUTOS = YES_AGGRESSIVE;
				GCC_WARN_UNUSED_FUNCTION = YES;
				GCC_WARN_UNUSED_VARIABLE = YES;
				IPHONEOS_DEPLOYMENT_TARGET = 17.5;
				LOCALIZATION_PREFERS_STRING_CATALOGS = YES;
				MTL_ENABLE_DEBUG_INFO = NO;
				MTL_FAST_MATH = YES;
				SDKROOT = iphoneos;
				SWIFT_COMPILATION_MODE = wholemodule;
				VALIDATE_PRODUCT = YES;
			};
			name = Release;
		};
		3285B4ED2CF5B2310050723C /* Debug */ = {
			isa = XCBuildConfiguration;
			buildSettings = {
				ASSETCATALOG_COMPILER_APPICON_NAME = AppIcon;
				ASSETCATALOG_COMPILER_GLOBAL_ACCENT_COLOR_NAME = AccentColor;
				CLANG_ENABLE_MODULES = YES;
				CODE_SIGN_STYLE = Automatic;
				CURRENT_PROJECT_VERSION = 1;
				DEVELOPMENT_ASSET_PATHS = "\"DriveModePOC/Preview Content\"";
				DEVELOPMENT_TEAM = 389NSXC8NR;
				ENABLE_PREVIEWS = YES;
				GENERATE_INFOPLIST_FILE = YES;
				INFOPLIST_FILE = DriveModePOC/Info.plist;
				INFOPLIST_KEY_NSMotionUsageDescription = "This app uses motion data to detect activities like walking, running, and driving for personalized features.";
				INFOPLIST_KEY_UIApplicationSceneManifest_Generation = YES;
				INFOPLIST_KEY_UIApplicationSupportsIndirectInputEvents = YES;
				INFOPLIST_KEY_UILaunchScreen_Generation = YES;
				INFOPLIST_KEY_UISupportedInterfaceOrientations_iPad = "UIInterfaceOrientationPortrait UIInterfaceOrientationPortraitUpsideDown UIInterfaceOrientationLandscapeLeft UIInterfaceOrientationLandscapeRight";
				INFOPLIST_KEY_UISupportedInterfaceOrientations_iPhone = "UIInterfaceOrientationPortrait UIInterfaceOrientationLandscapeLeft UIInterfaceOrientationLandscapeRight";
				IPHONEOS_DEPLOYMENT_TARGET = 15.0;
				LD_RUNPATH_SEARCH_PATHS = (
					"$(inherited)",
					"@executable_path/Frameworks",
				);
				MARKETING_VERSION = 1.0;
				PRODUCT_BUNDLE_IDENTIFIER = com.logituit.toggle.staging;
				PRODUCT_NAME = "$(TARGET_NAME)";
				SWIFT_EMIT_LOC_STRINGS = YES;
				SWIFT_OBJC_BRIDGING_HEADER = "";
				SWIFT_OPTIMIZATION_LEVEL = "-Onone";
				SWIFT_VERSION = 5.0;
				TARGETED_DEVICE_FAMILY = "1,2";
			};
			name = Debug;
		};
		3285B4EE2CF5B2310050723C /* Release */ = {
			isa = XCBuildConfiguration;
			buildSettings = {
				ASSETCATALOG_COMPILER_APPICON_NAME = AppIcon;
				ASSETCATALOG_COMPILER_GLOBAL_ACCENT_COLOR_NAME = AccentColor;
				CLANG_ENABLE_MODULES = YES;
				CODE_SIGN_STYLE = Automatic;
				CURRENT_PROJECT_VERSION = 1;
				DEVELOPMENT_ASSET_PATHS = "\"DriveModePOC/Preview Content\"";
				DEVELOPMENT_TEAM = 389NSXC8NR;
				ENABLE_PREVIEWS = YES;
				GENERATE_INFOPLIST_FILE = YES;
				INFOPLIST_FILE = DriveModePOC/Info.plist;
				INFOPLIST_KEY_NSMotionUsageDescription = "This app uses motion data to detect activities like walking, running, and driving for personalized features.";
				INFOPLIST_KEY_UIApplicationSceneManifest_Generation = YES;
				INFOPLIST_KEY_UIApplicationSupportsIndirectInputEvents = YES;
				INFOPLIST_KEY_UILaunchScreen_Generation = YES;
				INFOPLIST_KEY_UISupportedInterfaceOrientations_iPad = "UIInterfaceOrientationPortrait UIInterfaceOrientationPortraitUpsideDown UIInterfaceOrientationLandscapeLeft UIInterfaceOrientationLandscapeRight";
				INFOPLIST_KEY_UISupportedInterfaceOrientations_iPhone = "UIInterfaceOrientationPortrait UIInterfaceOrientationLandscapeLeft UIInterfaceOrientationLandscapeRight";
				IPHONEOS_DEPLOYMENT_TARGET = 15.0;
				LD_RUNPATH_SEARCH_PATHS = (
					"$(inherited)",
					"@executable_path/Frameworks",
				);
				MARKETING_VERSION = 1.0;
				PRODUCT_BUNDLE_IDENTIFIER = com.logituit.toggle.staging;
				PRODUCT_NAME = "$(TARGET_NAME)";
				SWIFT_EMIT_LOC_STRINGS = YES;
				SWIFT_OBJC_BRIDGING_HEADER = "";
				SWIFT_VERSION = 5.0;
				TARGETED_DEVICE_FAMILY = "1,2";
			};
			name = Release;
		};
/* End XCBuildConfiguration section */

/* Begin XCConfigurationList section */
		3285B4D92CF5B2300050723C /* Build configuration list for PBXProject "DriveModePOC" */ = {
			isa = XCConfigurationList;
			buildConfigurations = (
				3285B4EA2CF5B2310050723C /* Debug */,
				3285B4EB2CF5B2310050723C /* Release */,
			);
			defaultConfigurationIsVisible = 0;
			defaultConfigurationName = Release;
		};
		3285B4EC2CF5B2310050723C /* Build configuration list for PBXNativeTarget "DriveModePOC" */ = {
			isa = XCConfigurationList;
			buildConfigurations = (
				3285B4ED2CF5B2310050723C /* Debug */,
				3285B4EE2CF5B2310050723C /* Release */,
			);
			defaultConfigurationIsVisible = 0;
			defaultConfigurationName = Release;
		};
/* End XCConfigurationList section */
	};
	rootObject = 3285B4D62CF5B2300050723C /* Project object */;
}
